// !$*UTF8*$!
{
	archiveVersion = 1;
	classes = {
	};
	objectVersion = 46;
	objects = {

/* Begin PBXBuildFile section */
		0450F2AB1DF53D5300ABE299 /* main.m in Sources */ = {isa = PBXBuildFile; fileRef = 0450F2AA1DF53D5300ABE299 /* main.m */; };
		0450F2AE1DF53D5300ABE299 /* AppDelegate.m in Sources */ = {isa = PBXBuildFile; fileRef = 0450F2AD1DF53D5300ABE299 /* AppDelegate.m */; };
		0450F2B11DF53D5300ABE299 /* ViewController.m in Sources */ = {isa = PBXBuildFile; fileRef = 0450F2B01DF53D5300ABE299 /* ViewController.m */; };
		0450F2B61DF53D5300ABE299 /* Assets.xcassets in Resources */ = {isa = PBXBuildFile; fileRef = 0450F2B51DF53D5300ABE299 /* Assets.xcassets */; };
		0450F2C41DF53D5300ABE299 /* CalenderTests.m in Sources */ = {isa = PBXBuildFile; fileRef = 0450F2C31DF53D5300ABE299 /* CalenderTests.m */; };
		0450F2CF1DF53D5300ABE299 /* CalenderUITests.m in Sources */ = {isa = PBXBuildFile; fileRef = 0450F2CE1DF53D5300ABE299 /* CalenderUITests.m */; };
		0450F2DE1DF53DC300ABE299 /* xiaoXin_Date.m in Sources */ = {isa = PBXBuildFile; fileRef = 0450F2DD1DF53DC300ABE299 /* xiaoXin_Date.m */; };
		0450F2E01DF53E8200ABE299 /* Default-568h@2x.png in Resources */ = {isa = PBXBuildFile; fileRef = 0450F2DF1DF53E8200ABE299 /* Default-568h@2x.png */; };
/* End PBXBuildFile section */

/* Begin PBXContainerItemProxy section */
		0450F2C01DF53D5300ABE299 /* PBXContainerItemProxy */ = {
			isa = PBXContainerItemProxy;
			containerPortal = 0450F29E1DF53D5300ABE299 /* Project object */;
			proxyType = 1;
			remoteGlobalIDString = 0450F2A51DF53D5300ABE299;
			remoteInfo = Calender;
		};
		0450F2CB1DF53D5300ABE299 /* PBXContainerItemProxy */ = {
			isa = PBXContainerItemProxy;
			containerPortal = 0450F29E1DF53D5300ABE299 /* Project object */;
			proxyType = 1;
			remoteGlobalIDString = 0450F2A51DF53D5300ABE299;
			remoteInfo = Calender;
		};
/* End PBXContainerItemProxy section */

/* Begin PBXFileReference section */
		0450F2A61DF53D5300ABE299 /* Calender.app */ = {isa = PBXFileReference; explicitFileType = wrapper.application; includeInIndex = 0; path = Calender.app; sourceTree = BUILT_PRODUCTS_DIR; };
		0450F2AA1DF53D5300ABE299 /* main.m */ = {isa = PBXFileReference; lastKnownFileType = sourcecode.c.objc; path = main.m; sourceTree = "<group>"; };
		0450F2AC1DF53D5300ABE299 /* AppDelegate.h */ = {isa = PBXFileReference; lastKnownFileType = sourcecode.c.h; path = AppDelegate.h; sourceTree = "<group>"; };
		0450F2AD1DF53D5300ABE299 /* AppDelegate.m */ = {isa = PBXFileReference; lastKnownFileType = sourcecode.c.objc; path = AppDelegate.m; sourceTree = "<group>"; };
		0450F2AF1DF53D5300ABE299 /* ViewController.h */ = {isa = PBXFileReference; lastKnownFileType = sourcecode.c.h; path = ViewController.h; sourceTree = "<group>"; };
		0450F2B01DF53D5300ABE299 /* ViewController.m */ = {isa = PBXFileReference; lastKnownFileType = sourcecode.c.objc; path = ViewController.m; sourceTree = "<group>"; };
		0450F2B51DF53D5300ABE299 /* Assets.xcassets */ = {isa = PBXFileReference; lastKnownFileType = folder.assetcatalog; path = Assets.xcassets; sourceTree = "<group>"; };
		0450F2BA1DF53D5300ABE299 /* Info.plist */ = {isa = PBXFileReference; lastKnownFileType = text.plist.xml; path = Info.plist; sourceTree = "<group>"; };
		0450F2BF1DF53D5300ABE299 /* CalenderTests.xctest */ = {isa = PBXFileReference; explicitFileType = wrapper.cfbundle; includeInIndex = 0; path = CalenderTests.xctest; sourceTree = BUILT_PRODUCTS_DIR; };
		0450F2C31DF53D5300ABE299 /* CalenderTests.m */ = {isa = PBXFileReference; lastKnownFileType = sourcecode.c.objc; path = CalenderTests.m; sourceTree = "<group>"; };
		0450F2C51DF53D5300ABE299 /* Info.plist */ = {isa = PBXFileReference; lastKnownFileType = text.plist.xml; path = Info.plist; sourceTree = "<group>"; };
		0450F2CA1DF53D5300ABE299 /* CalenderUITests.xctest */ = {isa = PBXFileReference; explicitFileType = wrapper.cfbundle; includeInIndex = 0; path = CalenderUITests.xctest; sourceTree = BUILT_PRODUCTS_DIR; };
		0450F2CE1DF53D5300ABE299 /* CalenderUITests.m */ = {isa = PBXFileReference; lastKnownFileType = sourcecode.c.objc; path = CalenderUITests.m; sourceTree = "<group>"; };
		0450F2D01DF53D5300ABE299 /* Info.plist */ = {isa = PBXFileReference; lastKnownFileType = text.plist.xml; path = Info.plist; sourceTree = "<group>"; };
		0450F2DC1DF53DC300ABE299 /* xiaoXin_Date.h */ = {isa = PBXFileReference; fileEncoding = 4; lastKnownFileType = sourcecode.c.h; path = xiaoXin_Date.h; sourceTree = "<group>"; };
		0450F2DD1DF53DC300ABE299 /* xiaoXin_Date.m */ = {isa = PBXFileReference; fileEncoding = 4; lastKnownFileType = sourcecode.c.objc; path = xiaoXin_Date.m; sourceTree = "<group>"; };
		0450F2DF1DF53E8200ABE299 /* Default-568h@2x.png */ = {isa = PBXFileReference; lastKnownFileType = image.png; path = "Default-568h@2x.png"; sourceTree = "<group>"; };
/* End PBXFileReference section */

/* Begin PBXFrameworksBuildPhase section */
		0450F2A31DF53D5300ABE299 /* Frameworks */ = {
			isa = PBXFrameworksBuildPhase;
			buildActionMask = 2147483647;
			files = (
			);
			runOnlyForDeploymentPostprocessing = 0;
		};
		0450F2BC1DF53D5300ABE299 /* Frameworks */ = {
			isa = PBXFrameworksBuildPhase;
			buildActionMask = 2147483647;
			files = (
			);
			runOnlyForDeploymentPostprocessing = 0;
		};
		0450F2C71DF53D5300ABE299 /* Frameworks */ = {
			isa = PBXFrameworksBuildPhase;
			buildActionMask = 2147483647;
			files = (
			);
			runOnlyForDeploymentPostprocessing = 0;
		};
/* End PBXFrameworksBuildPhase section */

/* Begin PBXGroup section */
		0450F29D1DF53D5300ABE299 = {
			isa = PBXGroup;
			children = (
				0450F2DF1DF53E8200ABE299 /* Default-568h@2x.png */,
				0450F2A81DF53D5300ABE299 /* Calender */,
				0450F2C21DF53D5300ABE299 /* CalenderTests */,
				0450F2CD1DF53D5300ABE299 /* CalenderUITests */,
				0450F2A71DF53D5300ABE299 /* Products */,
			);
			sourceTree = "<group>";
		};
		0450F2A71DF53D5300ABE299 /* Products */ = {
			isa = PBXGroup;
			children = (
				0450F2A61DF53D5300ABE299 /* Calender.app */,
				0450F2BF1DF53D5300ABE299 /* CalenderTests.xctest */,
				0450F2CA1DF53D5300ABE299 /* CalenderUITests.xctest */,
			);
			name = Products;
			sourceTree = "<group>";
		};
		0450F2A81DF53D5300ABE299 /* Calender */ = {
			isa = PBXGroup;
			children = (
				0450F2AC1DF53D5300ABE299 /* AppDelegate.h */,
				0450F2AD1DF53D5300ABE299 /* AppDelegate.m */,
				0450F2AF1DF53D5300ABE299 /* ViewController.h */,
				0450F2B01DF53D5300ABE299 /* ViewController.m */,
				0450F2DC1DF53DC300ABE299 /* xiaoXin_Date.h */,
				0450F2DD1DF53DC300ABE299 /* xiaoXin_Date.m */,
				0450F2B51DF53D5300ABE299 /* Assets.xcassets */,
				0450F2BA1DF53D5300ABE299 /* Info.plist */,
				0450F2A91DF53D5300ABE299 /* Supporting Files */,
			);
			path = Calender;
			sourceTree = "<group>";
		};
		0450F2A91DF53D5300ABE299 /* Supporting Files */ = {
			isa = PBXGroup;
			children = (
				0450F2AA1DF53D5300ABE299 /* main.m */,
			);
			name = "Supporting Files";
			sourceTree = "<group>";
		};
		0450F2C21DF53D5300ABE299 /* CalenderTests */ = {
			isa = PBXGroup;
			children = (
				0450F2C31DF53D5300ABE299 /* CalenderTests.m */,
				0450F2C51DF53D5300ABE299 /* Info.plist */,
			);
			path = CalenderTests;
			sourceTree = "<group>";
		};
		0450F2CD1DF53D5300ABE299 /* CalenderUITests */ = {
			isa = PBXGroup;
			children = (
				0450F2CE1DF53D5300ABE299 /* CalenderUITests.m */,
				0450F2D01DF53D5300ABE299 /* Info.plist */,
			);
			path = CalenderUITests;
			sourceTree = "<group>";
		};
/* End PBXGroup section */

/* Begin PBXNativeTarget section */
		0450F2A51DF53D5300ABE299 /* Calender */ = {
			isa = PBXNativeTarget;
			buildConfigurationList = 0450F2D31DF53D5300ABE299 /* Build configuration list for PBXNativeTarget "Calender" */;
			buildPhases = (
				0450F2A21DF53D5300ABE299 /* Sources */,
				0450F2A31DF53D5300ABE299 /* Frameworks */,
				0450F2A41DF53D5300ABE299 /* Resources */,
			);
			buildRules = (
			);
			dependencies = (
			);
			name = Calender;
			productName = Calender;
			productReference = 0450F2A61DF53D5300ABE299 /* Calender.app */;
			productType = "com.apple.product-type.application";
		};
		0450F2BE1DF53D5300ABE299 /* CalenderTests */ = {
			isa = PBXNativeTarget;
			buildConfigurationList = 0450F2D61DF53D5300ABE299 /* Build configuration list for PBXNativeTarget "CalenderTests" */;
			buildPhases = (
				0450F2BB1DF53D5300ABE299 /* Sources */,
				0450F2BC1DF53D5300ABE299 /* Frameworks */,
				0450F2BD1DF53D5300ABE299 /* Resources */,
			);
			buildRules = (
			);
			dependencies = (
				0450F2C11DF53D5300ABE299 /* PBXTargetDependency */,
			);
			name = CalenderTests;
			productName = CalenderTests;
			productReference = 0450F2BF1DF53D5300ABE299 /* CalenderTests.xctest */;
			productType = "com.apple.product-type.bundle.unit-test";
		};
		0450F2C91DF53D5300ABE299 /* CalenderUITests */ = {
			isa = PBXNativeTarget;
			buildConfigurationList = 0450F2D91DF53D5300ABE299 /* Build configuration list for PBXNativeTarget "CalenderUITests" */;
			buildPhases = (
				0450F2C61DF53D5300ABE299 /* Sources */,
				0450F2C71DF53D5300ABE299 /* Frameworks */,
				0450F2C81DF53D5300ABE299 /* Resources */,
			);
			buildRules = (
			);
			dependencies = (
				0450F2CC1DF53D5300ABE299 /* PBXTargetDependency */,
			);
			name = CalenderUITests;
			productName = CalenderUITests;
			productReference = 0450F2CA1DF53D5300ABE299 /* CalenderUITests.xctest */;
			productType = "com.apple.product-type.bundle.ui-testing";
		};
/* End PBXNativeTarget section */

/* Begin PBXProject section */
		0450F29E1DF53D5300ABE299 /* Project object */ = {
			isa = PBXProject;
			attributes = {
				LastUpgradeCheck = 0810;
				ORGANIZATIONNAME = qwe;
				TargetAttributes = {
					0450F2A51DF53D5300ABE299 = {
						CreatedOnToolsVersion = 8.1;
						ProvisioningStyle = Automatic;
					};
					0450F2BE1DF53D5300ABE299 = {
						CreatedOnToolsVersion = 8.1;
						ProvisioningStyle = Automatic;
						TestTargetID = 0450F2A51DF53D5300ABE299;
					};
					0450F2C91DF53D5300ABE299 = {
						CreatedOnToolsVersion = 8.1;
						ProvisioningStyle = Automatic;
						TestTargetID = 0450F2A51DF53D5300ABE299;
					};
				};
			};
			buildConfigurationList = 0450F2A11DF53D5300ABE299 /* Build configuration list for PBXProject "Calender" */;
			compatibilityVersion = "Xcode 3.2";
			developmentRegion = English;
			hasScannedForEncodings = 0;
			knownRegions = (
				en,
				Base,
			);
			mainGroup = 0450F29D1DF53D5300ABE299;
			productRefGroup = 0450F2A71DF53D5300ABE299 /* Products */;
			projectDirPath = "";
			projectRoot = "";
			targets = (
				0450F2A51DF53D5300ABE299 /* Calender */,
				0450F2BE1DF53D5300ABE299 /* CalenderTests */,
				0450F2C91DF53D5300ABE299 /* CalenderUITests */,
			);
		};
/* End PBXProject section */

/* Begin PBXResourcesBuildPhase section */
		0450F2A41DF53D5300ABE299 /* Resources */ = {
			isa = PBXResourcesBuildPhase;
			buildActionMask = 2147483647;
			files = (
				0450F2B61DF53D5300ABE299 /* Assets.xcassets in Resources */,
				0450F2E01DF53E8200ABE299 /* Default-568h@2x.png in Resources */,
			);
			runOnlyForDeploymentPostprocessing = 0;
		};
		0450F2BD1DF53D5300ABE299 /* Resources */ = {
			isa = PBXResourcesBuildPhase;
			buildActionMask = 2147483647;
			files = (
			);
			runOnlyForDeploymentPostprocessing = 0;
		};
		0450F2C81DF53D5300ABE299 /* Resources */ = {
			isa = PBXResourcesBuildPhase;
			buildActionMask = 2147483647;
			files = (
			);
			runOnlyForDeploymentPostprocessing = 0;
		};
/* End PBXResourcesBuildPhase section */

/* Begin PBXSourcesBuildPhase section */
		0450F2A21DF53D5300ABE299 /* Sources */ = {
			isa = PBXSourcesBuildPhase;
			buildActionMask = 2147483647;
			files = (
				0450F2B11DF53D5300ABE299 /* ViewController.m in Sources */,
				0450F2AE1DF53D5300ABE299 /* AppDelegate.m in Sources */,
				0450F2DE1DF53DC300ABE299 /* xiaoXin_Date.m in Sources */,
				0450F2AB1DF53D5300ABE299 /* main.m in Sources */,
			);
			runOnlyForDeploymentPostprocessing = 0;
		};
		0450F2BB1DF53D5300ABE299 /* Sources */ = {
			isa = PBXSourcesBuildPhase;
			buildActionMask = 2147483647;
			files = (
				0450F2C41DF53D5300ABE299 /* CalenderTests.m in Sources */,
			);
			runOnlyForDeploymentPostprocessing = 0;
		};
		0450F2C61DF53D5300ABE299 /* Sources */ = {
			isa = PBXSourcesBuildPhase;
			buildActionMask = 2147483647;
			files = (
				0450F2CF1DF53D5300ABE299 /* CalenderUITests.m in Sources */,
			);
			runOnlyForDeploymentPostprocessing = 0;
		};
/* End PBXSourcesBuildPhase section */

/* Begin PBXTargetDependency section */
		0450F2C11DF53D5300ABE299 /* PBXTargetDependency */ = {
			isa = PBXTargetDependency;
			target = 0450F2A51DF53D5300ABE299 /* Calender */;
			targetProxy = 0450F2C01DF53D5300ABE299 /* PBXContainerItemProxy */;
		};
		0450F2CC1DF53D5300ABE299 /* PBXTargetDependency */ = {
			isa = PBXTargetDependency;
			target = 0450F2A51DF53D5300ABE299 /* Calender */;
			targetProxy = 0450F2CB1DF53D5300ABE299 /* PBXContainerItemProxy */;
		};
/* End PBXTargetDependency section */

/* Begin XCBuildConfiguration section */
		0450F2D11DF53D5300ABE299 /* Debug */ = {
			isa = XCBuildConfiguration;
			buildSettings = {
				ALWAYS_SEARCH_USER_PATHS = NO;
				CLANG_ANALYZER_NONNULL = YES;
				CLANG_CXX_LANGUAGE_STANDARD = "gnu++0x";
				CLANG_CXX_LIBRARY = "libc++";
				CLANG_ENABLE_MODULES = YES;
				CLANG_ENABLE_OBJC_ARC = YES;
				CLANG_WARN_BOOL_CONVERSION = YES;
				CLANG_WARN_CONSTANT_CONVERSION = YES;
				CLANG_WARN_DIRECT_OBJC_ISA_USAGE = YES_ERROR;
				CLANG_WARN_DOCUMENTATION_COMMENTS = YES;
				CLANG_WARN_EMPTY_BODY = YES;
				CLANG_WARN_ENUM_CONVERSION = YES;
				CLANG_WARN_INFINITE_RECURSION = YES;
				CLANG_WARN_INT_CONVERSION = YES;
				CLANG_WARN_OBJC_ROOT_CLASS = YES_ERROR;
				CLANG_WARN_SUSPICIOUS_MOVES = YES;
				CLANG_WARN_UNREACHABLE_CODE = YES;
				CLANG_WARN__DUPLICATE_METHOD_MATCH = YES;
				"CODE_SIGN_IDENTITY[sdk=iphoneos*]" = "iPhone Developer";
				COPY_PHASE_STRIP = NO;
				DEBUG_INFORMATION_FORMAT = dwarf;
				ENABLE_STRICT_OBJC_MSGSEND = YES;
				ENABLE_TESTABILITY = YES;
				GCC_C_LANGUAGE_STANDARD = gnu99;
				GCC_DYNAMIC_NO_PIC = NO;
				GCC_NO_COMMON_BLOCKS = YES;
				GCC_OPTIMIZATION_LEVEL = 0;
				GCC_PREPROCESSOR_DEFINITIONS = (
					"DEBUG=1",
					"$(inherited)",
				);
				GCC_WARN_64_TO_32_BIT_CONVERSION = YES;
				GCC_WARN_ABOUT_RETURN_TYPE = YES_ERROR;
				GCC_WARN_UNDECLARED_SELECTOR = YES;
				GCC_WARN_UNINITIALIZED_AUTOS = YES_AGGRESSIVE;
				GCC_WARN_UNUSED_FUNCTION = YES;
				GCC_WARN_UNUSED_VARIABLE = YES;
				IPHONEOS_DEPLOYMENT_TARGET = 10.1;
				MTL_ENABLE_DEBUG_INFO = YES;
				ONLY_ACTIVE_ARCH = YES;
				SDKROOT = iphoneos;
				TARGETED_DEVICE_FAMILY = "1,2";
			};
			name = Debug;
		};
		0450F2D21DF53D5300ABE299 /* Release */ = {
			isa = XCBuildConfiguration;
			buildSettings = {
				ALWAYS_SEARCH_USER_PATHS = NO;
				CLANG_ANALYZER_NONNULL = YES;
				CLANG_CXX_LANGUAGE_STANDARD = "gnu++0x";
				CLANG_CXX_LIBRARY = "libc++";
				CLANG_ENABLE_MODULES = YES;
				CLANG_ENABLE_OBJC_ARC = YES;
				CLANG_WARN_BOOL_CONVERSION = YES;
				CLANG_WARN_CONSTANT_CONVERSION = YES;
				CLANG_WARN_DIRECT_OBJC_ISA_USAGE = YES_ERROR;
				CLANG_WARN_DOCUMENTATION_COMMENTS = YES;
				CLANG_WARN_EMPTY_BODY = YES;
				CLANG_WARN_ENUM_CONVERSION = YES;
				CLANG_WARN_INFINITE_RECURSION = YES;
				CLANG_WARN_INT_CONVERSION = YES;
				CLANG_WARN_OBJC_ROOT_CLASS = YES_ERROR;
				CLANG_WARN_SUSPICIOUS_MOVES = YES;
				CLANG_WARN_UNREACHABLE_CODE = YES;
				CLANG_WARN__DUPLICATE_METHOD_MATCH = YES;
				"CODE_SIGN_IDENTITY[sdk=iphoneos*]" = "iPhone Developer";
				COPY_PHASE_STRIP = NO;
				DEBUG_INFORMATION_FORMAT = "dwarf-with-dsym";
				ENABLE_NS_ASSERTIONS = NO;
				ENABLE_STRICT_OBJC_MSGSEND = YES;
				GCC_C_LANGUAGE_STANDARD = gnu99;
				GCC_NO_COMMON_BLOCKS = YES;
				GCC_WARN_64_TO_32_BIT_CONVERSION = YES;
				GCC_WARN_ABOUT_RETURN_TYPE = YES_ERROR;
				GCC_WARN_UNDECLARED_SELECTOR = YES;
				GCC_WARN_UNINITIALIZED_AUTOS = YES_AGGRESSIVE;
				GCC_WARN_UNUSED_FUNCTION = YES;
				GCC_WARN_UNUSED_VARIABLE = YES;
				IPHONEOS_DEPLOYMENT_TARGET = 10.1;
				MTL_ENABLE_DEBUG_INFO = NO;
				SDKROOT = iphoneos;
				TARGETED_DEVICE_FAMILY = "1,2";
				VALIDATE_PRODUCT = YES;
			};
			name = Release;
		};
		0450F2D41DF53D5300ABE299 /* Debug */ = {
			isa = XCBuildConfiguration;
			buildSettings = {
				ASSETCATALOG_COMPILER_APPICON_NAME = AppIcon;
				INFOPLIST_FILE = Calender/Info.plist;
				LD_RUNPATH_SEARCH_PATHS = "$(inherited) @executable_path/Frameworks";
				PRODUCT_BUNDLE_IDENTIFIER = com.mark.Calender;
				PRODUCT_NAME = "$(TARGET_NAME)";
			};
			name = Debug;
		};
		0450F2D51DF53D5300ABE299 /* Release */ = {
			isa = XCBuildConfiguration;
			buildSettings = {
				ASSETCATALOG_COMPILER_APPICON_NAME = AppIcon;
				INFOPLIST_FILE = Calender/Info.plist;
				LD_RUNPATH_SEARCH_PATHS = "$(inherited) @executable_path/Frameworks";
				PRODUCT_BUNDLE_IDENTIFIER = com.mark.Calender;
				PRODUCT_NAME = "$(TARGET_NAME)";
			};
			name = Release;
		};
		0450F2D71DF53D5300ABE299 /* Debug */ = {
			isa = XCBuildConfiguration;
			buildSettings = {
				BUNDLE_LOADER = "$(TEST_HOST)";
				INFOPLIST_FILE = CalenderTests/Info.plist;
				LD_RUNPATH_SEARCH_PATHS = "$(inherited) @executable_path/Frameworks @loader_path/Frameworks";
				PRODUCT_BUNDLE_IDENTIFIER = com.mark.CalenderTests;
				PRODUCT_NAME = "$(TARGET_NAME)";
				TEST_HOST = "$(BUILT_PRODUCTS_DIR)/Calender.app/Calender";
			};
			name = Debug;
		};
		0450F2D81DF53D5300ABE299 /* Release */ = {
			isa = XCBuildConfiguration;
			buildSettings = {
				BUNDLE_LOADER = "$(TEST_HOST)";
				INFOPLIST_FILE = CalenderTests/Info.plist;
				LD_RUNPATH_SEARCH_PATHS = "$(inherited) @executable_path/Frameworks @loader_path/Frameworks";
				PRODUCT_BUNDLE_IDENTIFIER = com.mark.CalenderTests;
				PRODUCT_NAME = "$(TARGET_NAME)";
				TEST_HOST = "$(BUILT_PRODUCTS_DIR)/Calender.app/Calender";
			};
			name = Release;
		};
		0450F2DA1DF53D5300ABE299 /* Debug */ = {
			isa = XCBuildConfiguration;
			buildSettings = {
				INFOPLIST_FILE = CalenderUITests/Info.plist;
				LD_RUNPATH_SEARCH_PATHS = "$(inherited) @executable_path/Frameworks @loader_path/Frameworks";
				PRODUCT_BUNDLE_IDENTIFIER = com.mark.CalenderUITests;
				PRODUCT_NAME = "$(TARGET_NAME)";
				TEST_TARGET_NAME = Calender;
			};
			name = Debug;
		};
		0450F2DB1DF53D5300ABE299 /* Release */ = {
			isa = XCBuildConfiguration;
			buildSettings = {
				INFOPLIST_FILE = CalenderUITests/Info.plist;
				LD_RUNPATH_SEARCH_PATHS = "$(inherited) @executable_path/Frameworks @loader_path/Frameworks";
				PRODUCT_BUNDLE_IDENTIFIER = com.mark.CalenderUITests;
				PRODUCT_NAME = "$(TARGET_NAME)";
				TEST_TARGET_NAME = Calender;
			};
			name = Release;
		};
/* End XCBuildConfiguration section */

/* Begin XCConfigurationList section */
		0450F2A11DF53D5300ABE299 /* Build configuration list for PBXProject "Calender" */ = {
			isa = XCConfigurationList;
			buildConfigurations = (
				0450F2D11DF53D5300ABE299 /* Debug */,
				0450F2D21DF53D5300ABE299 /* Release */,
			);
			defaultConfigurationIsVisible = 0;
			defaultConfigurationName = Release;
		};
		0450F2D31DF53D5300ABE299 /* Build configuration list for PBXNativeTarget "Calender" */ = {
			isa = XCConfigurationList;
			buildConfigurations = (
				0450F2D41DF53D5300ABE299 /* Debug */,
				0450F2D51DF53D5300ABE299 /* Release */,
			);
			defaultConfigurationIsVisible = 0;
		};
		0450F2D61DF53D5300ABE299 /* Build configuration list for PBXNativeTarget "CalenderTests" */ = {
			isa = XCConfigurationList;
			buildConfigurations = (
				0450F2D71DF53D5300ABE299 /* Debug */,
				0450F2D81DF53D5300ABE299 /* Release */,
			);
			defaultConfigurationIsVisible = 0;
		};
		0450F2D91DF53D5300ABE299 /* Build configuration list for PBXNativeTarget "CalenderUITests" */ = {
			isa = XCConfigurationList;
			buildConfigurations = (
				0450F2DA1DF53D5300ABE299 /* Debug */,
				0450F2DB1DF53D5300ABE299 /* Release */,
			);
			defaultConfigurationIsVisible = 0;
		};
/* End XCConfigurationList section */
	};
	rootObject = 0450F29E1DF53D5300ABE299 /* Project object */;
}
